
Microsoft Visual Studio Solution File, Format Version 11.00
# Visual Studio 2010
Project("{FAE04EC0-301F-11D3-BF4B-00C04F79EFBC}") = "GeoLocatePSCmdlet", "GeoLocatePSCmdlet\GeoLocatePSCmdlet.csproj", "{B343A6F4-015B-48B3-807C-47D129DA4498}"
EndProject
Global
	GlobalSection(TeamFoundationVersionControl) = preSolution
		SccNumberOfProjects = 2
		SccEnterpriseProvider = {4CA58AB2-18FA-4F8D-95D4-32DDF27D184C}
		SccTeamFoundationServer = https://tfs-02.hosted-tfs.com:8443/tfs/56
		SccLocalPath0 = .
		SccProjectUniqueName1 = GeoLocatePSCmdlet\\GeoLocatePSCmdlet.csproj
		SccProjectName1 = GeoLocPSCmdlet
		SccLocalPath1 = GeoLocPSCmdlet
	EndGlobalSection
	GlobalSection(SolutionConfigurationPlatforms) = preSolution
		Debug|Any CPU = Debug|Any CPU
		Release|Any CPU = Release|Any CPU
	EndGlobalSection
	GlobalSection(ProjectConfigurationPlatforms) = postSolution
		{B343A6F4-015B-48B3-807C-47D129DA4498}.Debug|Any CPU.ActiveCfg = Debug|Any CPU
		{B343A6F4-015B-48B3-807C-47D129DA4498}.Debug|Any CPU.Build.0 = Debug|Any CPU
		{B343A6F4-015B-48B3-807C-47D129DA4498}.Release|Any CPU.ActiveCfg = Release|Any CPU
		{B343A6F4-015B-48B3-807C-47D129DA4498}.Release|Any CPU.Build.0 = Release|Any CPU
	EndGlobalSection
	GlobalSection(SolutionProperties) = preSolution
		HideSolutionNode = FALSE
	EndGlobalSection
EndGlobal
